
Microsoft Visual Studio Solution File, Format Version 12.00
# Visual Studio Version 16
VisualStudioVersion = 16.0.29102.190
MinimumVisualStudioVersion = 10.0.40219.1
Project("{FAE04EC0-301F-11D3-BF4B-00C04F79EFBC}") = "WebAPPATM", "WebAPPATM.csproj", "{B8390C15-B868-4179-B753-413A5E81531E}"
EndProject
Global
	GlobalSection(SolutionConfigurationPlatforms) = preSolution
		Debug|Any CPU = Debug|Any CPU
		Release|Any CPU = Release|Any CPU
	EndGlobalSection
	GlobalSection(ProjectConfigurationPlatforms) = postSolution
		{B8390C15-B868-4179-B753-413A5E81531E}.Debug|Any CPU.ActiveCfg = Debug|Any CPU
		{B8390C15-B868-4179-B753-413A5E81531E}.Debug|Any CPU.Build.0 = Debug|Any CPU
		{B8390C15-B868-4179-B753-413A5E81531E}.Release|Any CPU.ActiveCfg = Release|Any CPU
		{B8390C15-B868-4179-B753-413A5E81531E}.Release|Any CPU.Build.0 = Release|Any CPU
	EndGlobalSection
	GlobalSection(SolutionProperties) = preSolution
		HideSolutionNode = FALSE
	EndGlobalSection
	GlobalSection(ExtensibilityGlobals) = postSolution
		SolutionGuid = {C284271B-B28A-445C-9B34-57C34CD59F0C}
	EndGlobalSection
EndGlobal
